
Microsoft Visual Studio Solution File, Format Version 12.00
# Visual Studio Version 17
VisualStudioVersion = 17.3.32819.101
MinimumVisualStudioVersion = 10.0.40219.1
Project("{FAE04EC0-301F-11D3-BF4B-00C04F79EFBC}") = "EFCoreRelationships", "EFCoreRelationships.csproj", "{9828198E-B296-4941-844E-BD96611355B5}"
EndProject
Global
	GlobalSection(SolutionConfigurationPlatforms) = preSolution
		Debug|Any CPU = Debug|Any CPU
		Release|Any CPU = Release|Any CPU
	EndGlobalSection
	GlobalSection(ProjectConfigurationPlatforms) = postSolution
		{9828198E-B296-4941-844E-BD96611355B5}.Debug|Any CPU.ActiveCfg = Debug|Any CPU
		{9828198E-B296-4941-844E-BD96611355B5}.Debug|Any CPU.Build.0 = Debug|Any CPU
		{9828198E-B296-4941-844E-BD96611355B5}.Release|Any CPU.ActiveCfg = Release|Any CPU
		{9828198E-B296-4941-844E-BD96611355B5}.Release|Any CPU.Build.0 = Release|Any CPU
	EndGlobalSection
	GlobalSection(SolutionProperties) = preSolution
		HideSolutionNode = FALSE
	EndGlobalSection
	GlobalSection(ExtensibilityGlobals) = postSolution
		SolutionGuid = {4C1AECD5-22F9-4FAD-856A-E0EF102FB3E4}
	EndGlobalSection
EndGlobal
